
Microsoft Visual Studio Solution File, Format Version 12.00
# Visual Studio Version 17
VisualStudioVersion = 17.4.33103.184
MinimumVisualStudioVersion = 10.0.40219.1
Project("{FAE04EC0-301F-11D3-BF4B-00C04F79EFBC}") = "Snake_Console", "Snake_Console\Snake_Console.csproj", "{5F0BC684-4F6C-48E5-910D-B38B072E55BB}"
EndProject
Global
	GlobalSection(SolutionConfigurationPlatforms) = preSolution
		Debug|Any CPU = Debug|Any CPU
		Release|Any CPU = Release|Any CPU
	EndGlobalSection
	GlobalSection(ProjectConfigurationPlatforms) = postSolution
		{5F0BC684-4F6C-48E5-910D-B38B072E55BB}.Debug|Any CPU.ActiveCfg = Debug|Any CPU
		{5F0BC684-4F6C-48E5-910D-B38B072E55BB}.Debug|Any CPU.Build.0 = Debug|Any CPU
		{5F0BC684-4F6C-48E5-910D-B38B072E55BB}.Release|Any CPU.ActiveCfg = Release|Any CPU
		{5F0BC684-4F6C-48E5-910D-B38B072E55BB}.Release|Any CPU.Build.0 = Release|Any CPU
	EndGlobalSection
	GlobalSection(SolutionProperties) = preSolution
		HideSolutionNode = FALSE
	EndGlobalSection
	GlobalSection(ExtensibilityGlobals) = postSolution
		SolutionGuid = {C43F36DD-F211-4A8C-8B29-65B49279912B}
	EndGlobalSection
EndGlobal
